hash: bd5d24a92000ef443fddd76a0c279971109aad4e9925659b6dbdb52fd24e1842
updated: 2017-11-08T00:38:59.643572Z
imports:
- name: github.com/dgrijalva/jwt-go
  version: dbeaa9332f19a944acb5736b4456cfcc02140e29
- name: github.com/gorilla/websocket
  version: ea4d1f681babbce9545c9c5f3d5194a789c89f5b
- name: github.com/mitchellh/mapstructure
  version: 06020f85339e21b2478f756a78e295255ffa4d6a
- name: github.com/newrelic/go-agent
  version: 462a146a1270954750aac98c5b3e83dec6a9adfd
  subpackages:
  - internal
  - internal/jsonx
  - internal/logger
  - internal/sysinfo
  - internal/utilization
- name: github.com/satori/go.uuid
  version: 879c5887cd475cd7864858769793b2ceb0d44feb
- name: github.com/Sirupsen/logrus
  version: f006c2ac4710855cf0f916dd6b77acf6b048dc6e
- name: github.com/ugorji/go
  version: 00a57e09e383d445aeef6c6cd642969dc4360231
  subpackages:
  - codec
- name: golang.org/x/crypto
  version: 687d4b818545e443c8ba223cbef20b1721afd4db
  subpackages:
  - ssh/terminal
- name: golang.org/x/sys
  version: 75813c647272dd855bda156405bf844a5414f5bf
  subpackages:
  - unix
  - windows
- name: gopkg.in/tylerb/graceful.v1
  version: 4654dfbb6ad53cb5e27f37d99b02e16c1872fbbb
testImports: []
